{
  "name": "Numerica",
  "lockfileVersion": 3,
  "requires": true,
  "packages": {
    "": {
      "dependencies": {
        "prompto.json": "^1.0.2"
      }
    },
    "node_modules/fs": {
      "version": "0.0.1-security",
      "resolved": "https://registry.npmjs.org/fs/-/fs-0.0.1-security.tgz",
      "integrity": "sha512-3XY9e1pP0CVEUCdj5BmfIZxRBTSDycnbqhIOGec9QYtmVH2fbLpj86CFWkrNOkt/Fvty4KZG5lTglL9j/gJ87w==",
      "license": "ISC"
    },
    "node_modules/prompto.json": {
      "version": "1.0.2",
      "resolved": "https://registry.npmjs.org/prompto.json/-/prompto.json-1.0.2.tgz",
      "integrity": "sha512-oy3Mg1hZJFbLOQj52R4MOhVnJGGV/lw82AWTmaVY0KhEf4txKoVLCGbaXC0DU9LJQkm24FSXvGrD4/biSKPskA==",
      "license": "ISC",
      "dependencies": {
        "fs": "^0.0.1-security"
      }
    }
  }
}
